// !$*UTF8*$!
{
	archiveVersion = 1;
	classes = {
	};
	objectVersion = 50;
	objects = {

/* Begin PBXBuildFile section */
		01069E9721F8F601003B6C8A /* UILable+Extension.swift in Sources */ = {isa = PBXBuildFile; fileRef = 01069E9621F8F601003B6C8A /* UILable+Extension.swift */; };
		01069E9921F9101A003B6C8A /* SuccessView.swift in Sources */ = {isa = PBXBuildFile; fileRef = 01069E9821F9101A003B6C8A /* SuccessView.swift */; };
		01069E9B21F9102E003B6C8A /* SuccessView.xib in Resources */ = {isa = PBXBuildFile; fileRef = 01069E9A21F9102E003B6C8A /* SuccessView.xib */; };
		0120093921F5E42100BC7AF5 /* UIProgressView+Extension.swift in Sources */ = {isa = PBXBuildFile; fileRef = 0120093821F5E42100BC7AF5 /* UIProgressView+Extension.swift */; };
		0120093B21F5F4AD00BC7AF5 /* ParentConnectionDelegate.swift in Sources */ = {isa = PBXBuildFile; fileRef = 0120093A21F5F4AD00BC7AF5 /* ParentConnectionDelegate.swift */; };
		01225A7121DE3E2B00608CDA /* CustomCollectionViewCell.swift in Sources */ = {isa = PBXBuildFile; fileRef = 01225A7021DE3E2B00608CDA /* CustomCollectionViewCell.swift */; };
		01225A7321DE455D00608CDA /* UINavigationController+Extension.swift in Sources */ = {isa = PBXBuildFile; fileRef = 01225A7221DE455D00608CDA /* UINavigationController+Extension.swift */; };
		0123DF7521D3B2830003935B /* CustomScrollView.swift in Sources */ = {isa = PBXBuildFile; fileRef = 0123DF7421D3B2830003935B /* CustomScrollView.swift */; };
		0123DF7721D3BE950003935B /* CustomGridView.swift in Sources */ = {isa = PBXBuildFile; fileRef = 0123DF7621D3BE950003935B /* CustomGridView.swift */; };
		0123DF7A21D3FFE40003935B /* CustomScrollViewRotationDelegate.swift in Sources */ = {isa = PBXBuildFile; fileRef = 0123DF7921D3FFE40003935B /* CustomScrollViewRotationDelegate.swift */; };
		0123DF7D21D42EC50003935B /* UIEdgeInset+Extension.swift in Sources */ = {isa = PBXBuildFile; fileRef = 0123DF7C21D42EC50003935B /* UIEdgeInset+Extension.swift */; };
		012862E02201AA1100767F49 /* SnapDegrees.swift in Sources */ = {isa = PBXBuildFile; fileRef = 012862DF2201AA1100767F49 /* SnapDegrees.swift */; };
		012862E22201AA2600767F49 /* SuccessViewData.swift in Sources */ = {isa = PBXBuildFile; fileRef = 012862E12201AA2600767F49 /* SuccessViewData.swift */; };
		012966A921D4D42600D0549C /* GameVM.swift in Sources */ = {isa = PBXBuildFile; fileRef = 012966A821D4D42600D0549C /* GameVM.swift */; };
		012966AF21D4E09A00D0549C /* UIButton+Extension.swift in Sources */ = {isa = PBXBuildFile; fileRef = 012966AE21D4E09A00D0549C /* UIButton+Extension.swift */; };
		012966B121D4E7D700D0549C /* CGFloat+Extension.swift in Sources */ = {isa = PBXBuildFile; fileRef = 012966B021D4E7D700D0549C /* CGFloat+Extension.swift */; };
		012966B321D5086700D0549C /* UIView+Extension.swift in Sources */ = {isa = PBXBuildFile; fileRef = 012966B221D5086700D0549C /* UIView+Extension.swift */; };
		012966B521D50CC000D0549C /* Utilities.swift in Sources */ = {isa = PBXBuildFile; fileRef = 012966B421D50CC000D0549C /* Utilities.swift */; };
		012BCE3C21C1831900082332 /* Assets.xcassets in Resources */ = {isa = PBXBuildFile; fileRef = 012BCE3B21C1831900082332 /* Assets.xcassets */; };
		012BCE4B21C1896200082332 /* IntroFactory.swift in Sources */ = {isa = PBXBuildFile; fileRef = 012BCE4A21C1896200082332 /* IntroFactory.swift */; };
		012BCE4D21C1896D00082332 /* IntroFlow.swift in Sources */ = {isa = PBXBuildFile; fileRef = 012BCE4C21C1896D00082332 /* IntroFlow.swift */; };
		012BCE4F21C18A0200082332 /* Intro.storyboard in Resources */ = {isa = PBXBuildFile; fileRef = 012BCE4E21C18A0200082332 /* Intro.storyboard */; };
		012BCE5121C18A6500082332 /* IntroViewController.swift in Sources */ = {isa = PBXBuildFile; fileRef = 012BCE5021C18A6500082332 /* IntroViewController.swift */; };
		012BCE5321C18B3600082332 /* GameFactory.swift in Sources */ = {isa = PBXBuildFile; fileRef = 012BCE5221C18B3600082332 /* GameFactory.swift */; };
		012BCE5521C18C1400082332 /* Game.storyboard in Resources */ = {isa = PBXBuildFile; fileRef = 012BCE5421C18C1400082332 /* Game.storyboard */; };
		012BCE5721C18C5300082332 /* ImageEditorViewController.swift in Sources */ = {isa = PBXBuildFile; fileRef = 012BCE5621C18C5300082332 /* ImageEditorViewController.swift */; };
		012BCE5921C18E8400082332 /* GameFlow.swift in Sources */ = {isa = PBXBuildFile; fileRef = 012BCE5821C18E8400082332 /* GameFlow.swift */; };
		012BCE5E21C1944C00082332 /* StyleGuide.swift in Sources */ = {isa = PBXBuildFile; fileRef = 012BCE5D21C1944C00082332 /* StyleGuide.swift */; };
		012BCE6121C19ECD00082332 /* CustomButton.xib in Resources */ = {isa = PBXBuildFile; fileRef = 012BCE6021C19ECD00082332 /* CustomButton.xib */; };
		012BCE6521C1A26E00082332 /* CustomButton.swift in Sources */ = {isa = PBXBuildFile; fileRef = 012BCE6421C1A26E00082332 /* CustomButton.swift */; };
		012BCE6621C1A7B000082332 /* TimeBurner-Bold.ttf in Resources */ = {isa = PBXBuildFile; fileRef = 012BCE3E21C187CB00082332 /* TimeBurner-Bold.ttf */; };
		012BCE6721C1A7B200082332 /* TimeBurner-Normal.ttf in Resources */ = {isa = PBXBuildFile; fileRef = 012BCE3F21C187CB00082332 /* TimeBurner-Normal.ttf */; };
		012D03ED21DCC15600663152 /* PuzzleGameViewController.swift in Sources */ = {isa = PBXBuildFile; fileRef = 012D03EC21DCC15600663152 /* PuzzleGameViewController.swift */; };
		012E0D5D21E4E16900A95A8E /* GridImage.swift in Sources */ = {isa = PBXBuildFile; fileRef = 012E0D5C21E4E16900A95A8E /* GridImage.swift */; };
		012FA93D21DC3889006C8141 /* UIStackView+Extension.swift in Sources */ = {isa = PBXBuildFile; fileRef = 012FA93C21DC3889006C8141 /* UIStackView+Extension.swift */; };
		012FAB4421C17392008AEFDE /* AppDelegate.swift in Sources */ = {isa = PBXBuildFile; fileRef = 012FAB4321C17392008AEFDE /* AppDelegate.swift */; };
		012FAB4E21C17393008AEFDE /* LaunchScreen.storyboard in Resources */ = {isa = PBXBuildFile; fileRef = 012FAB4C21C17393008AEFDE /* LaunchScreen.storyboard */; };
		0135DC4421E28E2F007CD5C2 /* ArrowView.swift in Sources */ = {isa = PBXBuildFile; fileRef = 0135DC4321E28E2F007CD5C2 /* ArrowView.swift */; };
		013A515621EB76FC00CE6ED2 /* UIViewController+Extension.swift in Sources */ = {isa = PBXBuildFile; fileRef = 013A515521EB76FC00CE6ED2 /* UIViewController+Extension.swift */; };
		013A515821EB7D4200CE6ED2 /* UIScrollView+Extension.swift in Sources */ = {isa = PBXBuildFile; fileRef = 013A515721EB7D4200CE6ED2 /* UIScrollView+Extension.swift */; };
		013A515A21EBEF3200CE6ED2 /* CGRect+Extension.swift in Sources */ = {isa = PBXBuildFile; fileRef = 013A515921EBEF3200CE6ED2 /* CGRect+Extension.swift */; };
		0174E19421FA723F0089A109 /* PuzzleGameView.swift in Sources */ = {isa = PBXBuildFile; fileRef = 0174E19321FA723F0089A109 /* PuzzleGameView.swift */; };
		0174E1A121FA9D930089A109 /* shotgun.mp3 in Resources */ = {isa = PBXBuildFile; fileRef = 0174E19621FA9D930089A109 /* shotgun.mp3 */; };
		0174E1A221FA9D930089A109 /* swish2.mp3 in Resources */ = {isa = PBXBuildFile; fileRef = 0174E19721FA9D930089A109 /* swish2.mp3 */; };
		0174E1A321FA9D930089A109 /* swish3.mp3 in Resources */ = {isa = PBXBuildFile; fileRef = 0174E19821FA9D930089A109 /* swish3.mp3 */; };
		0174E1A421FA9D930089A109 /* swish1.mp3 in Resources */ = {isa = PBXBuildFile; fileRef = 0174E19921FA9D930089A109 /* swish1.mp3 */; };
		0174E1A521FA9D930089A109 /* swish0.mp3 in Resources */ = {isa = PBXBuildFile; fileRef = 0174E19A21FA9D930089A109 /* swish0.mp3 */; };
		0174E1A621FA9D930089A109 /* swish4.mp3 in Resources */ = {isa = PBXBuildFile; fileRef = 0174E19B21FA9D930089A109 /* swish4.mp3 */; };
		0174E1A721FA9D930089A109 /* swish5.mp3 in Resources */ = {isa = PBXBuildFile; fileRef = 0174E19C21FA9D930089A109 /* swish5.mp3 */; };
		0174E1A821FA9D930089A109 /* anteUp.mp3 in Resources */ = {isa = PBXBuildFile; fileRef = 0174E19D21FA9D930089A109 /* anteUp.mp3 */; };
		0174E1A921FA9D930089A109 /* paper.mp3 in Resources */ = {isa = PBXBuildFile; fileRef = 0174E19E21FA9D930089A109 /* paper.mp3 */; };
		0174E1AA21FA9D930089A109 /* glitch.mp3 in Resources */ = {isa = PBXBuildFile; fileRef = 0174E19F21FA9D930089A109 /* glitch.mp3 */; };
		0174E1AB21FA9D930089A109 /* youWin.mp3 in Resources */ = {isa = PBXBuildFile; fileRef = 0174E1A021FA9D930089A109 /* youWin.mp3 */; };
		01995BB321C1B6ED00A4275D /* IntroViewModel.swift in Sources */ = {isa = PBXBuildFile; fileRef = 01995BB221C1B6ED00A4275D /* IntroViewModel.swift */; };
		01A2010D21FA34A300E4742F /* ImageEditorView.swift in Sources */ = {isa = PBXBuildFile; fileRef = 01A2010C21FA34A300E4742F /* ImageEditorView.swift */; };
		01B0033D21E24777002ED09C /* PlayfieldCollectionView.swift in Sources */ = {isa = PBXBuildFile; fileRef = 01B0033C21E24777002ED09C /* PlayfieldCollectionView.swift */; };
		01D1F12121ECF91600B5908A /* UICollectionView+Extension.swift in Sources */ = {isa = PBXBuildFile; fileRef = 01D1F12021ECF91600B5908A /* UICollectionView+Extension.swift */; };
		01D1F12321ED238600B5908A /* UICollectionViewCell+Extension.swift in Sources */ = {isa = PBXBuildFile; fileRef = 01D1F12221ED238600B5908A /* UICollectionViewCell+Extension.swift */; };
		01D3A0D621F9DEA0003B93B0 /* ButtonBackgroundView.swift in Sources */ = {isa = PBXBuildFile; fileRef = 01D3A0D521F9DEA0003B93B0 /* ButtonBackgroundView.swift */; };
		01F1444C21F54164008C9888 /* ImageEditorExtensions.swift in Sources */ = {isa = PBXBuildFile; fileRef = 01F1444B21F54164008C9888 /* ImageEditorExtensions.swift */; };
/* End PBXBuildFile section */

/* Begin PBXFileReference section */
		01069E9621F8F601003B6C8A /* UILable+Extension.swift */ = {isa = PBXFileReference; lastKnownFileType = sourcecode.swift; path = "UILable+Extension.swift"; sourceTree = "<group>"; };
		01069E9821F9101A003B6C8A /* SuccessView.swift */ = {isa = PBXFileReference; lastKnownFileType = sourcecode.swift; path = SuccessView.swift; sourceTree = "<group>"; };
		01069E9A21F9102E003B6C8A /* SuccessView.xib */ = {isa = PBXFileReference; lastKnownFileType = file.xib; path = SuccessView.xib; sourceTree = "<group>"; };
		0120093821F5E42100BC7AF5 /* UIProgressView+Extension.swift */ = {isa = PBXFileReference; lastKnownFileType = sourcecode.swift; path = "UIProgressView+Extension.swift"; sourceTree = "<group>"; };
		0120093A21F5F4AD00BC7AF5 /* ParentConnectionDelegate.swift */ = {isa = PBXFileReference; lastKnownFileType = sourcecode.swift; path = ParentConnectionDelegate.swift; sourceTree = "<group>"; };
		01225A7021DE3E2B00608CDA /* CustomCollectionViewCell.swift */ = {isa = PBXFileReference; lastKnownFileType = sourcecode.swift; path = CustomCollectionViewCell.swift; sourceTree = "<group>"; };
		01225A7221DE455D00608CDA /* UINavigationController+Extension.swift */ = {isa = PBXFileReference; lastKnownFileType = sourcecode.swift; path = "UINavigationController+Extension.swift"; sourceTree = "<group>"; };
		0123DF7421D3B2830003935B /* CustomScrollView.swift */ = {isa = PBXFileReference; lastKnownFileType = sourcecode.swift; path = CustomScrollView.swift; sourceTree = "<group>"; };
		0123DF7621D3BE950003935B /* CustomGridView.swift */ = {isa = PBXFileReference; lastKnownFileType = sourcecode.swift; path = CustomGridView.swift; sourceTree = "<group>"; };
		0123DF7921D3FFE40003935B /* CustomScrollViewRotationDelegate.swift */ = {isa = PBXFileReference; lastKnownFileType = sourcecode.swift; path = CustomScrollViewRotationDelegate.swift; sourceTree = "<group>"; };
		0123DF7C21D42EC50003935B /* UIEdgeInset+Extension.swift */ = {isa = PBXFileReference; lastKnownFileType = sourcecode.swift; path = "UIEdgeInset+Extension.swift"; sourceTree = "<group>"; };
		012862DF2201AA1100767F49 /* SnapDegrees.swift */ = {isa = PBXFileReference; lastKnownFileType = sourcecode.swift; path = SnapDegrees.swift; sourceTree = "<group>"; };
		012862E12201AA2600767F49 /* SuccessViewData.swift */ = {isa = PBXFileReference; lastKnownFileType = sourcecode.swift; path = SuccessViewData.swift; sourceTree = "<group>"; };
		012966A821D4D42600D0549C /* GameVM.swift */ = {isa = PBXFileReference; lastKnownFileType = sourcecode.swift; path = GameVM.swift; sourceTree = "<group>"; };
		012966AE21D4E09A00D0549C /* UIButton+Extension.swift */ = {isa = PBXFileReference; lastKnownFileType = sourcecode.swift; path = "UIButton+Extension.swift"; sourceTree = "<group>"; };
		012966B021D4E7D700D0549C /* CGFloat+Extension.swift */ = {isa = PBXFileReference; lastKnownFileType = sourcecode.swift; path = "CGFloat+Extension.swift"; sourceTree = "<group>"; };
		012966B221D5086700D0549C /* UIView+Extension.swift */ = {isa = PBXFileReference; lastKnownFileType = sourcecode.swift; path = "UIView+Extension.swift"; sourceTree = "<group>"; };
		012966B421D50CC000D0549C /* Utilities.swift */ = {isa = PBXFileReference; lastKnownFileType = sourcecode.swift; path = Utilities.swift; sourceTree = "<group>"; };
		012BCE3B21C1831900082332 /* Assets.xcassets */ = {isa = PBXFileReference; lastKnownFileType = folder.assetcatalog; path = Assets.xcassets; sourceTree = "<group>"; };
		012BCE3E21C187CB00082332 /* TimeBurner-Bold.ttf */ = {isa = PBXFileReference; lastKnownFileType = file; path = "TimeBurner-Bold.ttf"; sourceTree = "<group>"; };
		012BCE3F21C187CB00082332 /* TimeBurner-Normal.ttf */ = {isa = PBXFileReference; lastKnownFileType = file; path = "TimeBurner-Normal.ttf"; sourceTree = "<group>"; };
		012BCE4A21C1896200082332 /* IntroFactory.swift */ = {isa = PBXFileReference; lastKnownFileType = sourcecode.swift; path = IntroFactory.swift; sourceTree = "<group>"; };
		012BCE4C21C1896D00082332 /* IntroFlow.swift */ = {isa = PBXFileReference; lastKnownFileType = sourcecode.swift; path = IntroFlow.swift; sourceTree = "<group>"; };
		012BCE4E21C18A0200082332 /* Intro.storyboard */ = {isa = PBXFileReference; lastKnownFileType = file.storyboard; path = Intro.storyboard; sourceTree = "<group>"; };
		012BCE5021C18A6500082332 /* IntroViewController.swift */ = {isa = PBXFileReference; lastKnownFileType = sourcecode.swift; path = IntroViewController.swift; sourceTree = "<group>"; };
		012BCE5221C18B3600082332 /* GameFactory.swift */ = {isa = PBXFileReference; lastKnownFileType = sourcecode.swift; path = GameFactory.swift; sourceTree = "<group>"; };
		012BCE5421C18C1400082332 /* Game.storyboard */ = {isa = PBXFileReference; lastKnownFileType = file.storyboard; path = Game.storyboard; sourceTree = "<group>"; };
		012BCE5621C18C5300082332 /* ImageEditorViewController.swift */ = {isa = PBXFileReference; lastKnownFileType = sourcecode.swift; path = ImageEditorViewController.swift; sourceTree = "<group>"; };
		012BCE5821C18E8400082332 /* GameFlow.swift */ = {isa = PBXFileReference; lastKnownFileType = sourcecode.swift; path = GameFlow.swift; sourceTree = "<group>"; };
		012BCE5D21C1944C00082332 /* StyleGuide.swift */ = {isa = PBXFileReference; lastKnownFileType = sourcecode.swift; path = StyleGuide.swift; sourceTree = "<group>"; };
		012BCE6021C19ECD00082332 /* CustomButton.xib */ = {isa = PBXFileReference; lastKnownFileType = file.xib; path = CustomButton.xib; sourceTree = "<group>"; };
		012BCE6421C1A26E00082332 /* CustomButton.swift */ = {isa = PBXFileReference; lastKnownFileType = sourcecode.swift; path = CustomButton.swift; sourceTree = "<group>"; };
		012D03EC21DCC15600663152 /* PuzzleGameViewController.swift */ = {isa = PBXFileReference; lastKnownFileType = sourcecode.swift; path = PuzzleGameViewController.swift; sourceTree = "<group>"; };
		012E0D5C21E4E16900A95A8E /* GridImage.swift */ = {isa = PBXFileReference; lastKnownFileType = sourcecode.swift; path = GridImage.swift; sourceTree = "<group>"; };
		012FA93C21DC3889006C8141 /* UIStackView+Extension.swift */ = {isa = PBXFileReference; lastKnownFileType = sourcecode.swift; path = "UIStackView+Extension.swift"; sourceTree = "<group>"; };
		012FAB4021C17392008AEFDE /* Gridy.app */ = {isa = PBXFileReference; explicitFileType = wrapper.application; includeInIndex = 0; path = Gridy.app; sourceTree = BUILT_PRODUCTS_DIR; };
		012FAB4321C17392008AEFDE /* AppDelegate.swift */ = {isa = PBXFileReference; lastKnownFileType = sourcecode.swift; path = AppDelegate.swift; sourceTree = "<group>"; };
		012FAB4D21C17393008AEFDE /* Base */ = {isa = PBXFileReference; lastKnownFileType = file.storyboard; name = Base; path = Base.lproj/LaunchScreen.storyboard; sourceTree = "<group>"; };
		012FAB4F21C17393008AEFDE /* Info.plist */ = {isa = PBXFileReference; lastKnownFileType = text.plist.xml; path = Info.plist; sourceTree = "<group>"; };
		0135DC4321E28E2F007CD5C2 /* ArrowView.swift */ = {isa = PBXFileReference; lastKnownFileType = sourcecode.swift; path = ArrowView.swift; sourceTree = "<group>"; };
		013A515521EB76FC00CE6ED2 /* UIViewController+Extension.swift */ = {isa = PBXFileReference; lastKnownFileType = sourcecode.swift; path = "UIViewController+Extension.swift"; sourceTree = "<group>"; };
		013A515721EB7D4200CE6ED2 /* UIScrollView+Extension.swift */ = {isa = PBXFileReference; lastKnownFileType = sourcecode.swift; path = "UIScrollView+Extension.swift"; sourceTree = "<group>"; };
		013A515921EBEF3200CE6ED2 /* CGRect+Extension.swift */ = {isa = PBXFileReference; lastKnownFileType = sourcecode.swift; path = "CGRect+Extension.swift"; sourceTree = "<group>"; };
		0174E19321FA723F0089A109 /* PuzzleGameView.swift */ = {isa = PBXFileReference; lastKnownFileType = sourcecode.swift; path = PuzzleGameView.swift; sourceTree = "<group>"; };
		0174E19621FA9D930089A109 /* shotgun.mp3 */ = {isa = PBXFileReference; lastKnownFileType = audio.mp3; path = shotgun.mp3; sourceTree = "<group>"; };
		0174E19721FA9D930089A109 /* swish2.mp3 */ = {isa = PBXFileReference; lastKnownFileType = audio.mp3; path = swish2.mp3; sourceTree = "<group>"; };
		0174E19821FA9D930089A109 /* swish3.mp3 */ = {isa = PBXFileReference; lastKnownFileType = audio.mp3; path = swish3.mp3; sourceTree = "<group>"; };
		0174E19921FA9D930089A109 /* swish1.mp3 */ = {isa = PBXFileReference; lastKnownFileType = audio.mp3; path = swish1.mp3; sourceTree = "<group>"; };
		0174E19A21FA9D930089A109 /* swish0.mp3 */ = {isa = PBXFileReference; lastKnownFileType = audio.mp3; path = swish0.mp3; sourceTree = "<group>"; };
		0174E19B21FA9D930089A109 /* swish4.mp3 */ = {isa = PBXFileReference; lastKnownFileType = audio.mp3; path = swish4.mp3; sourceTree = "<group>"; };
		0174E19C21FA9D930089A109 /* swish5.mp3 */ = {isa = PBXFileReference; lastKnownFileType = audio.mp3; path = swish5.mp3; sourceTree = "<group>"; };
		0174E19D21FA9D930089A109 /* anteUp.mp3 */ = {isa = PBXFileReference; lastKnownFileType = audio.mp3; path = anteUp.mp3; sourceTree = "<group>"; };
		0174E19E21FA9D930089A109 /* paper.mp3 */ = {isa = PBXFileReference; lastKnownFileType = audio.mp3; path = paper.mp3; sourceTree = "<group>"; };
		0174E19F21FA9D930089A109 /* glitch.mp3 */ = {isa = PBXFileReference; lastKnownFileType = audio.mp3; path = glitch.mp3; sourceTree = "<group>"; };
		0174E1A021FA9D930089A109 /* youWin.mp3 */ = {isa = PBXFileReference; lastKnownFileType = audio.mp3; path = youWin.mp3; sourceTree = "<group>"; };
		01995BB221C1B6ED00A4275D /* IntroViewModel.swift */ = {isa = PBXFileReference; lastKnownFileType = sourcecode.swift; path = IntroViewModel.swift; sourceTree = "<group>"; };
		01A2010C21FA34A300E4742F /* ImageEditorView.swift */ = {isa = PBXFileReference; lastKnownFileType = sourcecode.swift; path = ImageEditorView.swift; sourceTree = "<group>"; };
		01B0033C21E24777002ED09C /* PlayfieldCollectionView.swift */ = {isa = PBXFileReference; lastKnownFileType = sourcecode.swift; path = PlayfieldCollectionView.swift; sourceTree = "<group>"; };
		01D1F12021ECF91600B5908A /* UICollectionView+Extension.swift */ = {isa = PBXFileReference; lastKnownFileType = sourcecode.swift; path = "UICollectionView+Extension.swift"; sourceTree = "<group>"; };
		01D1F12221ED238600B5908A /* UICollectionViewCell+Extension.swift */ = {isa = PBXFileReference; lastKnownFileType = sourcecode.swift; path = "UICollectionViewCell+Extension.swift"; sourceTree = "<group>"; };
		01D3A0D521F9DEA0003B93B0 /* ButtonBackgroundView.swift */ = {isa = PBXFileReference; lastKnownFileType = sourcecode.swift; path = ButtonBackgroundView.swift; sourceTree = "<group>"; };
		01F1444B21F54164008C9888 /* ImageEditorExtensions.swift */ = {isa = PBXFileReference; lastKnownFileType = sourcecode.swift; path = ImageEditorExtensions.swift; sourceTree = "<group>"; };
/* End PBXFileReference section */

/* Begin PBXFrameworksBuildPhase section */
		012FAB3D21C17392008AEFDE /* Frameworks */ = {
			isa = PBXFrameworksBuildPhase;
			buildActionMask = 2147483647;
			files = (
			);
			runOnlyForDeploymentPostprocessing = 0;
		};
/* End PBXFrameworksBuildPhase section */

/* Begin PBXGroup section */
		0123DF7321D3B26A0003935B /* Views */ = {
			isa = PBXGroup;
			children = (
				0123DF7421D3B2830003935B /* CustomScrollView.swift */,
				0123DF7621D3BE950003935B /* CustomGridView.swift */,
				01225A7021DE3E2B00608CDA /* CustomCollectionViewCell.swift */,
				01B0033C21E24777002ED09C /* PlayfieldCollectionView.swift */,
				0135DC4321E28E2F007CD5C2 /* ArrowView.swift */,
				012E0D5C21E4E16900A95A8E /* GridImage.swift */,
				01069E9821F9101A003B6C8A /* SuccessView.swift */,
				01069E9A21F9102E003B6C8A /* SuccessView.xib */,
				01D3A0D521F9DEA0003B93B0 /* ButtonBackgroundView.swift */,
				01A2010C21FA34A300E4742F /* ImageEditorView.swift */,
				0174E19321FA723F0089A109 /* PuzzleGameView.swift */,
			);
			path = Views;
			sourceTree = "<group>";
		};
		0123DF7821D3FFBB0003935B /* Protocols */ = {
			isa = PBXGroup;
			children = (
				0123DF7921D3FFE40003935B /* CustomScrollViewRotationDelegate.swift */,
				0120093A21F5F4AD00BC7AF5 /* ParentConnectionDelegate.swift */,
			);
			path = Protocols;
			sourceTree = "<group>";
		};
		0123DF7B21D42EAD0003935B /* Extension */ = {
			isa = PBXGroup;
			children = (
				013A515521EB76FC00CE6ED2 /* UIViewController+Extension.swift */,
				0123DF7C21D42EC50003935B /* UIEdgeInset+Extension.swift */,
				012966AE21D4E09A00D0549C /* UIButton+Extension.swift */,
				012966B021D4E7D700D0549C /* CGFloat+Extension.swift */,
				012966B221D5086700D0549C /* UIView+Extension.swift */,
				012FA93C21DC3889006C8141 /* UIStackView+Extension.swift */,
				01225A7221DE455D00608CDA /* UINavigationController+Extension.swift */,
				013A515721EB7D4200CE6ED2 /* UIScrollView+Extension.swift */,
				013A515921EBEF3200CE6ED2 /* CGRect+Extension.swift */,
				01D1F12021ECF91600B5908A /* UICollectionView+Extension.swift */,
				01D1F12221ED238600B5908A /* UICollectionViewCell+Extension.swift */,
				0120093821F5E42100BC7AF5 /* UIProgressView+Extension.swift */,
				01069E9621F8F601003B6C8A /* UILable+Extension.swift */,
			);
			path = Extension;
			sourceTree = "<group>";
		};
		012862DE2201A9F400767F49 /* Constants */ = {
			isa = PBXGroup;
			children = (
				012862DF2201AA1100767F49 /* SnapDegrees.swift */,
				012862E12201AA2600767F49 /* SuccessViewData.swift */,
			);
			path = Constants;
			sourceTree = "<group>";
		};
		012BCE3D21C187B400082332 /* Fonts */ = {
			isa = PBXGroup;
			children = (
				012BCE3E21C187CB00082332 /* TimeBurner-Bold.ttf */,
				012BCE3F21C187CB00082332 /* TimeBurner-Normal.ttf */,
			);
			path = Fonts;
			sourceTree = "<group>";
		};
		012BCE4021C1880400082332 /* IntroModule */ = {
			isa = PBXGroup;
			children = (
				012BCE4621C188BD00082332 /* Flow */,
				012BCE4421C1888700082332 /* ViewControllers */,
				012BCE4521C1889100082332 /* ViewModels */,
				012BCE5F21C19EB100082332 /* Views */,
				012BCE4E21C18A0200082332 /* Intro.storyboard */,
			);
			path = IntroModule;
			sourceTree = "<group>";
		};
		012BCE4121C1883B00082332 /* GameModule */ = {
			isa = PBXGroup;
			children = (
				012BCE4721C188D900082332 /* Flow */,
				0123DF7821D3FFBB0003935B /* Protocols */,
				012BCE4921C188EA00082332 /* ViewControllers */,
				0123DF7321D3B26A0003935B /* Views */,
				012BCE4821C188DE00082332 /* ViewModels */,
				012BCE5421C18C1400082332 /* Game.storyboard */,
			);
			name = GameModule;
			path = ImageEditorModule;
			sourceTree = "<group>";
		};
		012BCE4321C1886900082332 /* Utilities */ = {
			isa = PBXGroup;
			children = (
				012862DE2201A9F400767F49 /* Constants */,
				012BCE3D21C187B400082332 /* Fonts */,
				0174E19521FA9D930089A109 /* Sounds */,
				012BCE5D21C1944C00082332 /* StyleGuide.swift */,
				012966B421D50CC000D0549C /* Utilities.swift */,
			);
			path = Utilities;
			sourceTree = "<group>";
		};
		012BCE4421C1888700082332 /* ViewControllers */ = {
			isa = PBXGroup;
			children = (
				012BCE5021C18A6500082332 /* IntroViewController.swift */,
			);
			path = ViewControllers;
			sourceTree = "<group>";
		};
		012BCE4521C1889100082332 /* ViewModels */ = {
			isa = PBXGroup;
			children = (
				01995BB221C1B6ED00A4275D /* IntroViewModel.swift */,
			);
			path = ViewModels;
			sourceTree = "<group>";
		};
		012BCE4621C188BD00082332 /* Flow */ = {
			isa = PBXGroup;
			children = (
				012BCE4A21C1896200082332 /* IntroFactory.swift */,
				012BCE4C21C1896D00082332 /* IntroFlow.swift */,
			);
			path = Flow;
			sourceTree = "<group>";
		};
		012BCE4721C188D900082332 /* Flow */ = {
			isa = PBXGroup;
			children = (
				012BCE5221C18B3600082332 /* GameFactory.swift */,
				012BCE5821C18E8400082332 /* GameFlow.swift */,
			);
			path = Flow;
			sourceTree = "<group>";
		};
		012BCE4821C188DE00082332 /* ViewModels */ = {
			isa = PBXGroup;
			children = (
				012966A821D4D42600D0549C /* GameVM.swift */,
			);
			path = ViewModels;
			sourceTree = "<group>";
		};
		012BCE4921C188EA00082332 /* ViewControllers */ = {
			isa = PBXGroup;
			children = (
				01F1444A21F5414C008C9888 /* ImageEditor */,
				012D03EC21DCC15600663152 /* PuzzleGameViewController.swift */,
			);
			path = ViewControllers;
			sourceTree = "<group>";
		};
		012BCE5A21C1901700082332 /* Modules */ = {
			isa = PBXGroup;
			children = (
				012BCE4021C1880400082332 /* IntroModule */,
				012BCE4121C1883B00082332 /* GameModule */,
			);
			path = Modules;
			sourceTree = "<group>";
		};
		012BCE5F21C19EB100082332 /* Views */ = {
			isa = PBXGroup;
			children = (
				012BCE6421C1A26E00082332 /* CustomButton.swift */,
				012BCE6021C19ECD00082332 /* CustomButton.xib */,
			);
			path = Views;
			sourceTree = "<group>";
		};
		012FAB3721C17392008AEFDE = {
			isa = PBXGroup;
			children = (
				012FAB4221C17392008AEFDE /* Gridy */,
				012FAB4121C17392008AEFDE /* Products */,
			);
			sourceTree = "<group>";
		};
		012FAB4121C17392008AEFDE /* Products */ = {
			isa = PBXGroup;
			children = (
				012FAB4021C17392008AEFDE /* Gridy.app */,
			);
			name = Products;
			sourceTree = "<group>";
		};
		012FAB4221C17392008AEFDE /* Gridy */ = {
			isa = PBXGroup;
			children = (
				0123DF7B21D42EAD0003935B /* Extension */,
				012BCE4321C1886900082332 /* Utilities */,
				012FAB4321C17392008AEFDE /* AppDelegate.swift */,
				012FAB4C21C17393008AEFDE /* LaunchScreen.storyboard */,
				012BCE3B21C1831900082332 /* Assets.xcassets */,
				012FAB4F21C17393008AEFDE /* Info.plist */,
				012BCE5A21C1901700082332 /* Modules */,
			);
			path = Gridy;
			sourceTree = "<group>";
		};
		0174E19521FA9D930089A109 /* Sounds */ = {
			isa = PBXGroup;
			children = (
				0174E19621FA9D930089A109 /* shotgun.mp3 */,
				0174E19721FA9D930089A109 /* swish2.mp3 */,
				0174E19821FA9D930089A109 /* swish3.mp3 */,
				0174E19921FA9D930089A109 /* swish1.mp3 */,
				0174E19A21FA9D930089A109 /* swish0.mp3 */,
				0174E19B21FA9D930089A109 /* swish4.mp3 */,
				0174E19C21FA9D930089A109 /* swish5.mp3 */,
				0174E19D21FA9D930089A109 /* anteUp.mp3 */,
				0174E19E21FA9D930089A109 /* paper.mp3 */,
				0174E19F21FA9D930089A109 /* glitch.mp3 */,
				0174E1A021FA9D930089A109 /* youWin.mp3 */,
			);
			path = Sounds;
			sourceTree = "<group>";
		};
		01F1444A21F5414C008C9888 /* ImageEditor */ = {
			isa = PBXGroup;
			children = (
				012BCE5621C18C5300082332 /* ImageEditorViewController.swift */,
				01F1444B21F54164008C9888 /* ImageEditorExtensions.swift */,
			);
			path = ImageEditor;
			sourceTree = "<group>";
		};
/* End PBXGroup section */

/* Begin PBXNativeTarget section */
		012FAB3F21C17392008AEFDE /* Gridy */ = {
			isa = PBXNativeTarget;
			buildConfigurationList = 012FAB5221C17393008AEFDE /* Build configuration list for PBXNativeTarget "Gridy" */;
			buildPhases = (
				012FAB3C21C17392008AEFDE /* Sources */,
				012FAB3D21C17392008AEFDE /* Frameworks */,
				012FAB3E21C17392008AEFDE /* Resources */,
			);
			buildRules = (
			);
			dependencies = (
			);
			name = Gridy;
			productName = Gridy;
			productReference = 012FAB4021C17392008AEFDE /* Gridy.app */;
			productType = "com.apple.product-type.application";
		};
/* End PBXNativeTarget section */

/* Begin PBXProject section */
		012FAB3821C17392008AEFDE /* Project object */ = {
			isa = PBXProject;
			attributes = {
				LastSwiftUpdateCheck = 1010;
				LastUpgradeCheck = 1010;
				ORGANIZATIONNAME = "Rafal Padberg";
				TargetAttributes = {
					012FAB3F21C17392008AEFDE = {
						CreatedOnToolsVersion = 10.1;
					};
				};
			};
			buildConfigurationList = 012FAB3B21C17392008AEFDE /* Build configuration list for PBXProject "Gridy" */;
			compatibilityVersion = "Xcode 9.3";
			developmentRegion = en;
			hasScannedForEncodings = 0;
			knownRegions = (
				en,
				Base,
			);
			mainGroup = 012FAB3721C17392008AEFDE;
			productRefGroup = 012FAB4121C17392008AEFDE /* Products */;
			projectDirPath = "";
			projectRoot = "";
			targets = (
				012FAB3F21C17392008AEFDE /* Gridy */,
			);
		};
/* End PBXProject section */

/* Begin PBXResourcesBuildPhase section */
		012FAB3E21C17392008AEFDE /* Resources */ = {
			isa = PBXResourcesBuildPhase;
			buildActionMask = 2147483647;
			files = (
				0174E1A321FA9D930089A109 /* swish3.mp3 in Resources */,
				0174E1A221FA9D930089A109 /* swish2.mp3 in Resources */,
				0174E1A521FA9D930089A109 /* swish0.mp3 in Resources */,
				01069E9B21F9102E003B6C8A /* SuccessView.xib in Resources */,
				0174E1A421FA9D930089A109 /* swish1.mp3 in Resources */,
				0174E1A721FA9D930089A109 /* swish5.mp3 in Resources */,
				0174E1A821FA9D930089A109 /* anteUp.mp3 in Resources */,
				0174E1AB21FA9D930089A109 /* youWin.mp3 in Resources */,
				012FAB4E21C17393008AEFDE /* LaunchScreen.storyboard in Resources */,
				0174E1A121FA9D930089A109 /* shotgun.mp3 in Resources */,
				012BCE5521C18C1400082332 /* Game.storyboard in Resources */,
				012BCE6621C1A7B000082332 /* TimeBurner-Bold.ttf in Resources */,
				012BCE6721C1A7B200082332 /* TimeBurner-Normal.ttf in Resources */,
				0174E1A621FA9D930089A109 /* swish4.mp3 in Resources */,
				012BCE3C21C1831900082332 /* Assets.xcassets in Resources */,
				012BCE6121C19ECD00082332 /* CustomButton.xib in Resources */,
				0174E1AA21FA9D930089A109 /* glitch.mp3 in Resources */,
				0174E1A921FA9D930089A109 /* paper.mp3 in Resources */,
				012BCE4F21C18A0200082332 /* Intro.storyboard in Resources */,
			);
			runOnlyForDeploymentPostprocessing = 0;
		};
/* End PBXResourcesBuildPhase section */

/* Begin PBXSourcesBuildPhase section */
		012FAB3C21C17392008AEFDE /* Sources */ = {
			isa = PBXSourcesBuildPhase;
			buildActionMask = 2147483647;
			files = (
				013A515621EB76FC00CE6ED2 /* UIViewController+Extension.swift in Sources */,
				012BCE4D21C1896D00082332 /* IntroFlow.swift in Sources */,
				01225A7121DE3E2B00608CDA /* CustomCollectionViewCell.swift in Sources */,
				0123DF7D21D42EC50003935B /* UIEdgeInset+Extension.swift in Sources */,
				01069E9921F9101A003B6C8A /* SuccessView.swift in Sources */,
				012E0D5D21E4E16900A95A8E /* GridImage.swift in Sources */,
				01D3A0D621F9DEA0003B93B0 /* ButtonBackgroundView.swift in Sources */,
				012966B521D50CC000D0549C /* Utilities.swift in Sources */,
				01D1F12121ECF91600B5908A /* UICollectionView+Extension.swift in Sources */,
				01D1F12321ED238600B5908A /* UICollectionViewCell+Extension.swift in Sources */,
				0120093B21F5F4AD00BC7AF5 /* ParentConnectionDelegate.swift in Sources */,
				0123DF7A21D3FFE40003935B /* CustomScrollViewRotationDelegate.swift in Sources */,
				013A515821EB7D4200CE6ED2 /* UIScrollView+Extension.swift in Sources */,
				01225A7321DE455D00608CDA /* UINavigationController+Extension.swift in Sources */,
				0174E19421FA723F0089A109 /* PuzzleGameView.swift in Sources */,
				012D03ED21DCC15600663152 /* PuzzleGameViewController.swift in Sources */,
				0120093921F5E42100BC7AF5 /* UIProgressView+Extension.swift in Sources */,
				012862E22201AA2600767F49 /* SuccessViewData.swift in Sources */,
				012966A921D4D42600D0549C /* GameVM.swift in Sources */,
				012BCE6521C1A26E00082332 /* CustomButton.swift in Sources */,
				0123DF7521D3B2830003935B /* CustomScrollView.swift in Sources */,
				012BCE5321C18B3600082332 /* GameFactory.swift in Sources */,
				01F1444C21F54164008C9888 /* ImageEditorExtensions.swift in Sources */,
				01B0033D21E24777002ED09C /* PlayfieldCollectionView.swift in Sources */,
				012862E02201AA1100767F49 /* SnapDegrees.swift in Sources */,
				0135DC4421E28E2F007CD5C2 /* ArrowView.swift in Sources */,
				013A515A21EBEF3200CE6ED2 /* CGRect+Extension.swift in Sources */,
				01069E9721F8F601003B6C8A /* UILable+Extension.swift in Sources */,
				01A2010D21FA34A300E4742F /* ImageEditorView.swift in Sources */,
				012BCE5E21C1944C00082332 /* StyleGuide.swift in Sources */,
				012FAB4421C17392008AEFDE /* AppDelegate.swift in Sources */,
				01995BB321C1B6ED00A4275D /* IntroViewModel.swift in Sources */,
				0123DF7721D3BE950003935B /* CustomGridView.swift in Sources */,
				012966AF21D4E09A00D0549C /* UIButton+Extension.swift in Sources */,
				012966B121D4E7D700D0549C /* CGFloat+Extension.swift in Sources */,
				012966B321D5086700D0549C /* UIView+Extension.swift in Sources */,
				012BCE5921C18E8400082332 /* GameFlow.swift in Sources */,
				012BCE5721C18C5300082332 /* ImageEditorViewController.swift in Sources */,
				012BCE4B21C1896200082332 /* IntroFactory.swift in Sources */,
				012FA93D21DC3889006C8141 /* UIStackView+Extension.swift in Sources */,
				012BCE5121C18A6500082332 /* IntroViewController.swift in Sources */,
			);
			runOnlyForDeploymentPostprocessing = 0;
		};
/* End PBXSourcesBuildPhase section */

/* Begin PBXVariantGroup section */
		012FAB4C21C17393008AEFDE /* LaunchScreen.storyboard */ = {
			isa = PBXVariantGroup;
			children = (
				012FAB4D21C17393008AEFDE /* Base */,
			);
			name = LaunchScreen.storyboard;
			sourceTree = "<group>";
		};
/* End PBXVariantGroup section */

/* Begin XCBuildConfiguration section */
		012FAB5021C17393008AEFDE /* Debug */ = {
			isa = XCBuildConfiguration;
			buildSettings = {
				ALWAYS_SEARCH_USER_PATHS = NO;
				CLANG_ANALYZER_NONNULL = YES;
				CLANG_ANALYZER_NUMBER_OBJECT_CONVERSION = YES_AGGRESSIVE;
				CLANG_CXX_LANGUAGE_STANDARD = "gnu++14";
				CLANG_CXX_LIBRARY = "libc++";
				CLANG_ENABLE_MODULES = YES;
				CLANG_ENABLE_OBJC_ARC = YES;
				CLANG_ENABLE_OBJC_WEAK = YES;
				CLANG_WARN_BLOCK_CAPTURE_AUTORELEASING = YES;
				CLANG_WARN_BOOL_CONVERSION = YES;
				CLANG_WARN_COMMA = YES;
				CLANG_WARN_CONSTANT_CONVERSION = YES;
				CLANG_WARN_DEPRECATED_OBJC_IMPLEMENTATIONS = YES;
				CLANG_WARN_DIRECT_OBJC_ISA_USAGE = YES_ERROR;
				CLANG_WARN_DOCUMENTATION_COMMENTS = YES;
				CLANG_WARN_EMPTY_BODY = YES;
				CLANG_WARN_ENUM_CONVERSION = YES;
				CLANG_WARN_INFINITE_RECURSION = YES;
				CLANG_WARN_INT_CONVERSION = YES;
				CLANG_WARN_NON_LITERAL_NULL_CONVERSION = YES;
				CLANG_WARN_OBJC_IMPLICIT_RETAIN_SELF = YES;
				CLANG_WARN_OBJC_LITERAL_CONVERSION = YES;
				CLANG_WARN_OBJC_ROOT_CLASS = YES_ERROR;
				CLANG_WARN_RANGE_LOOP_ANALYSIS = YES;
				CLANG_WARN_STRICT_PROTOTYPES = YES;
				CLANG_WARN_SUSPICIOUS_MOVE = YES;
				CLANG_WARN_UNGUARDED_AVAILABILITY = YES_AGGRESSIVE;
				CLANG_WARN_UNREACHABLE_CODE = YES;
				CLANG_WARN__DUPLICATE_METHOD_MATCH = YES;
				CODE_SIGN_IDENTITY = "iPhone Developer";
				COPY_PHASE_STRIP = NO;
				DEBUG_INFORMATION_FORMAT = dwarf;
				ENABLE_STRICT_OBJC_MSGSEND = YES;
				ENABLE_TESTABILITY = YES;
				GCC_C_LANGUAGE_STANDARD = gnu11;
				GCC_DYNAMIC_NO_PIC = NO;
				GCC_NO_COMMON_BLOCKS = YES;
				GCC_OPTIMIZATION_LEVEL = 0;
				GCC_PREPROCESSOR_DEFINITIONS = (
					"DEBUG=1",
					"$(inherited)",
				);
				GCC_WARN_64_TO_32_BIT_CONVERSION = YES;
				GCC_WARN_ABOUT_RETURN_TYPE = YES_ERROR;
				GCC_WARN_UNDECLARED_SELECTOR = YES;
				GCC_WARN_UNINITIALIZED_AUTOS = YES_AGGRESSIVE;
				GCC_WARN_UNUSED_FUNCTION = YES;
				GCC_WARN_UNUSED_VARIABLE = YES;
				IPHONEOS_DEPLOYMENT_TARGET = 12.1;
				MTL_ENABLE_DEBUG_INFO = INCLUDE_SOURCE;
				MTL_FAST_MATH = YES;
				ONLY_ACTIVE_ARCH = YES;
				SDKROOT = iphoneos;
				SWIFT_ACTIVE_COMPILATION_CONDITIONS = DEBUG;
				SWIFT_OPTIMIZATION_LEVEL = "-Onone";
			};
			name = Debug;
		};
		012FAB5121C17393008AEFDE /* Release */ = {
			isa = XCBuildConfiguration;
			buildSettings = {
				ALWAYS_SEARCH_USER_PATHS = NO;
				CLANG_ANALYZER_NONNULL = YES;
				CLANG_ANALYZER_NUMBER_OBJECT_CONVERSION = YES_AGGRESSIVE;
				CLANG_CXX_LANGUAGE_STANDARD = "gnu++14";
				CLANG_CXX_LIBRARY = "libc++";
				CLANG_ENABLE_MODULES = YES;
				CLANG_ENABLE_OBJC_ARC = YES;
				CLANG_ENABLE_OBJC_WEAK = YES;
				CLANG_WARN_BLOCK_CAPTURE_AUTORELEASING = YES;
				CLANG_WARN_BOOL_CONVERSION = YES;
				CLANG_WARN_COMMA = YES;
				CLANG_WARN_CONSTANT_CONVERSION = YES;
				CLANG_WARN_DEPRECATED_OBJC_IMPLEMENTATIONS = YES;
				CLANG_WARN_DIRECT_OBJC_ISA_USAGE = YES_ERROR;
				CLANG_WARN_DOCUMENTATION_COMMENTS = YES;
				CLANG_WARN_EMPTY_BODY = YES;
				CLANG_WARN_ENUM_CONVERSION = YES;
				CLANG_WARN_INFINITE_RECURSION = YES;
				CLANG_WARN_INT_CONVERSION = YES;
				CLANG_WARN_NON_LITERAL_NULL_CONVERSION = YES;
				CLANG_WARN_OBJC_IMPLICIT_RETAIN_SELF = YES;
				CLANG_WARN_OBJC_LITERAL_CONVERSION = YES;
				CLANG_WARN_OBJC_ROOT_CLASS = YES_ERROR;
				CLANG_WARN_RANGE_LOOP_ANALYSIS = YES;
				CLANG_WARN_STRICT_PROTOTYPES = YES;
				CLANG_WARN_SUSPICIOUS_MOVE = YES;
				CLANG_WARN_UNGUARDED_AVAILABILITY = YES_AGGRESSIVE;
				CLANG_WARN_UNREACHABLE_CODE = YES;
				CLANG_WARN__DUPLICATE_METHOD_MATCH = YES;
				CODE_SIGN_IDENTITY = "iPhone Developer";
				COPY_PHASE_STRIP = NO;
				DEBUG_INFORMATION_FORMAT = "dwarf-with-dsym";
				ENABLE_NS_ASSERTIONS = NO;
				ENABLE_STRICT_OBJC_MSGSEND = YES;
				GCC_C_LANGUAGE_STANDARD = gnu11;
				GCC_NO_COMMON_BLOCKS = YES;
				GCC_WARN_64_TO_32_BIT_CONVERSION = YES;
				GCC_WARN_ABOUT_RETURN_TYPE = YES_ERROR;
				GCC_WARN_UNDECLARED_SELECTOR = YES;
				GCC_WARN_UNINITIALIZED_AUTOS = YES_AGGRESSIVE;
				GCC_WARN_UNUSED_FUNCTION = YES;
				GCC_WARN_UNUSED_VARIABLE = YES;
				IPHONEOS_DEPLOYMENT_TARGET = 12.1;
				MTL_ENABLE_DEBUG_INFO = NO;
				MTL_FAST_MATH = YES;
				SDKROOT = iphoneos;
				SWIFT_COMPILATION_MODE = wholemodule;
				SWIFT_OPTIMIZATION_LEVEL = "-O";
				VALIDATE_PRODUCT = YES;
			};
			name = Release;
		};
		012FAB5321C17393008AEFDE /* Debug */ = {
			isa = XCBuildConfiguration;
			buildSettings = {
				ASSETCATALOG_COMPILER_APPICON_NAME = AppIcon;
				CODE_SIGN_STYLE = Automatic;
				DEVELOPMENT_TEAM = 7KK37S6N26;
				INFOPLIST_FILE = Gridy/Info.plist;
				IPHONEOS_DEPLOYMENT_TARGET = 12.1;
				LD_RUNPATH_SEARCH_PATHS = (
					"$(inherited)",
					"@executable_path/Frameworks",
				);
				PRODUCT_BUNDLE_IDENTIFIER = com.RaV.Gridy;
				PRODUCT_NAME = "$(TARGET_NAME)";
				SWIFT_VERSION = 4.2;
				TARGETED_DEVICE_FAMILY = "1,2";
			};
			name = Debug;
		};
		012FAB5421C17393008AEFDE /* Release */ = {
			isa = XCBuildConfiguration;
			buildSettings = {
				ASSETCATALOG_COMPILER_APPICON_NAME = AppIcon;
				CODE_SIGN_STYLE = Automatic;
				DEVELOPMENT_TEAM = 7KK37S6N26;
				INFOPLIST_FILE = Gridy/Info.plist;
				IPHONEOS_DEPLOYMENT_TARGET = 12.1;
				LD_RUNPATH_SEARCH_PATHS = (
					"$(inherited)",
					"@executable_path/Frameworks",
				);
				PRODUCT_BUNDLE_IDENTIFIER = com.RaV.Gridy;
				PRODUCT_NAME = "$(TARGET_NAME)";
				SWIFT_VERSION = 4.2;
				TARGETED_DEVICE_FAMILY = "1,2";
			};
			name = Release;
		};
/* End XCBuildConfiguration section */

/* Begin XCConfigurationList section */
		012FAB3B21C17392008AEFDE /* Build configuration list for PBXProject "Gridy" */ = {
			isa = XCConfigurationList;
			buildConfigurations = (
				012FAB5021C17393008AEFDE /* Debug */,
				012FAB5121C17393008AEFDE /* Release */,
			);
			defaultConfigurationIsVisible = 0;
			defaultConfigurationName = Release;
		};
		012FAB5221C17393008AEFDE /* Build configuration list for PBXNativeTarget "Gridy" */ = {
			isa = XCConfigurationList;
			buildConfigurations = (
				012FAB5321C17393008AEFDE /* Debug */,
				012FAB5421C17393008AEFDE /* Release */,
			);
			defaultConfigurationIsVisible = 0;
			defaultConfigurationName = Release;
		};
/* End XCConfigurationList section */
	};
	rootObject = 012FAB3821C17392008AEFDE /* Project object */;
}
